// !$*UTF8*$!
{
	archiveVersion = 1;
	classes = {
	};
	objectVersion = 55;
	objects = {

/* Begin PBXBuildFile section */
		1346D39428BF7FA10090584C /* CodeTextView.swift in Sources */ = {isa = PBXBuildFile; fileRef = 1346D39328BF7FA00090584C /* CodeTextView.swift */; };
		13A9B7AE28BEBC2E00D4CC7B /* ContentView.swift in Sources */ = {isa = PBXBuildFile; fileRef = 13A9B7AD28BEBC2E00D4CC7B /* ContentView.swift */; };
		13A9B7B028BEC5DC00D4CC7B /* ContentViewRow.swift in Sources */ = {isa = PBXBuildFile; fileRef = 13A9B7AF28BEC5DC00D4CC7B /* ContentViewRow.swift */; };
		13A9B7B228BEC9BC00D4CC7B /* ContentDetailView.swift in Sources */ = {isa = PBXBuildFile; fileRef = 13A9B7B128BEC9BC00D4CC7B /* ContentDetailView.swift */; };
		13A9B7B528BECBE800D4CC7B /* AVKit.framework in Frameworks */ = {isa = PBXBuildFile; fileRef = 13A9B7B428BECBE800D4CC7B /* AVKit.framework */; };
		13A9B7B728BECCF400D4CC7B /* Constants.swift in Sources */ = {isa = PBXBuildFile; fileRef = 13A9B7B628BECCF400D4CC7B /* Constants.swift */; };
		13C870C428BEB43A00E955C4 /* HomeViewRow.swift in Sources */ = {isa = PBXBuildFile; fileRef = 13C870C328BEB43A00E955C4 /* HomeViewRow.swift */; };
		13CBA4A128C105E100F69131 /* RectangleCard.swift in Sources */ = {isa = PBXBuildFile; fileRef = 13CBA4A028C105E100F69131 /* RectangleCard.swift */; };
		13D4F52028BE984B005430A7 /* LearningApp.swift in Sources */ = {isa = PBXBuildFile; fileRef = 13D4F51F28BE984B005430A7 /* LearningApp.swift */; };
		13D4F52228BE984B005430A7 /* HomeView.swift in Sources */ = {isa = PBXBuildFile; fileRef = 13D4F52128BE984B005430A7 /* HomeView.swift */; };
		13D4F52428BE984D005430A7 /* Assets.xcassets in Resources */ = {isa = PBXBuildFile; fileRef = 13D4F52328BE984D005430A7 /* Assets.xcassets */; };
		13D4F52728BE984D005430A7 /* Preview Assets.xcassets in Resources */ = {isa = PBXBuildFile; fileRef = 13D4F52628BE984D005430A7 /* Preview Assets.xcassets */; };
		13D4F53328BE9909005430A7 /* ContentModel.swift in Sources */ = {isa = PBXBuildFile; fileRef = 13D4F53228BE9909005430A7 /* ContentModel.swift */; };
		13D4F53528BE9AB5005430A7 /* data.json in Resources */ = {isa = PBXBuildFile; fileRef = 13D4F53428BE9AB5005430A7 /* data.json */; };
		13D4F53728BE9ABB005430A7 /* style.html in Resources */ = {isa = PBXBuildFile; fileRef = 13D4F53628BE9ABB005430A7 /* style.html */; };
		13D4F53928BE9C9E005430A7 /* Models.swift in Sources */ = {isa = PBXBuildFile; fileRef = 13D4F53828BE9C9E005430A7 /* Models.swift */; };
/* End PBXBuildFile section */

/* Begin PBXFileReference section */
		1346D39328BF7FA00090584C /* CodeTextView.swift */ = {isa = PBXFileReference; lastKnownFileType = sourcecode.swift; path = CodeTextView.swift; sourceTree = "<group>"; };
		13A9B7AD28BEBC2E00D4CC7B /* ContentView.swift */ = {isa = PBXFileReference; lastKnownFileType = sourcecode.swift; path = ContentView.swift; sourceTree = "<group>"; };
		13A9B7AF28BEC5DC00D4CC7B /* ContentViewRow.swift */ = {isa = PBXFileReference; lastKnownFileType = sourcecode.swift; path = ContentViewRow.swift; sourceTree = "<group>"; };
		13A9B7B128BEC9BC00D4CC7B /* ContentDetailView.swift */ = {isa = PBXFileReference; lastKnownFileType = sourcecode.swift; path = ContentDetailView.swift; sourceTree = "<group>"; };
		13A9B7B428BECBE800D4CC7B /* AVKit.framework */ = {isa = PBXFileReference; lastKnownFileType = wrapper.framework; name = AVKit.framework; path = System/Library/Frameworks/AVKit.framework; sourceTree = SDKROOT; };
		13A9B7B628BECCF400D4CC7B /* Constants.swift */ = {isa = PBXFileReference; lastKnownFileType = sourcecode.swift; path = Constants.swift; sourceTree = "<group>"; };
		13C870C328BEB43A00E955C4 /* HomeViewRow.swift */ = {isa = PBXFileReference; lastKnownFileType = sourcecode.swift; path = HomeViewRow.swift; sourceTree = "<group>"; };
		13CBA4A028C105E100F69131 /* RectangleCard.swift */ = {isa = PBXFileReference; lastKnownFileType = sourcecode.swift; path = RectangleCard.swift; sourceTree = "<group>"; };
		13D4F51C28BE984B005430A7 /* LearningApp.app */ = {isa = PBXFileReference; explicitFileType = wrapper.application; includeInIndex = 0; path = LearningApp.app; sourceTree = BUILT_PRODUCTS_DIR; };
		13D4F51F28BE984B005430A7 /* LearningApp.swift */ = {isa = PBXFileReference; lastKnownFileType = sourcecode.swift; path = LearningApp.swift; sourceTree = "<group>"; };
		13D4F52128BE984B005430A7 /* HomeView.swift */ = {isa = PBXFileReference; lastKnownFileType = sourcecode.swift; path = HomeView.swift; sourceTree = "<group>"; };
		13D4F52328BE984D005430A7 /* Assets.xcassets */ = {isa = PBXFileReference; lastKnownFileType = folder.assetcatalog; path = Assets.xcassets; sourceTree = "<group>"; };
		13D4F52628BE984D005430A7 /* Preview Assets.xcassets */ = {isa = PBXFileReference; lastKnownFileType = folder.assetcatalog; path = "Preview Assets.xcassets"; sourceTree = "<group>"; };
		13D4F53228BE9909005430A7 /* ContentModel.swift */ = {isa = PBXFileReference; lastKnownFileType = sourcecode.swift; path = ContentModel.swift; sourceTree = "<group>"; };
		13D4F53428BE9AB5005430A7 /* data.json */ = {isa = PBXFileReference; fileEncoding = 4; lastKnownFileType = text.json; path = data.json; sourceTree = "<group>"; };
		13D4F53628BE9ABB005430A7 /* style.html */ = {isa = PBXFileReference; fileEncoding = 4; lastKnownFileType = text.html; path = style.html; sourceTree = "<group>"; };
		13D4F53828BE9C9E005430A7 /* Models.swift */ = {isa = PBXFileReference; lastKnownFileType = sourcecode.swift; path = Models.swift; sourceTree = "<group>"; };
/* End PBXFileReference section */

/* Begin PBXFrameworksBuildPhase section */
		13D4F51928BE984B005430A7 /* Frameworks */ = {
			isa = PBXFrameworksBuildPhase;
			buildActionMask = 2147483647;
			files = (
				13A9B7B528BECBE800D4CC7B /* AVKit.framework in Frameworks */,
			);
			runOnlyForDeploymentPostprocessing = 0;
		};
/* End PBXFrameworksBuildPhase section */

/* Begin PBXGroup section */
		13A9B7B328BECBE800D4CC7B /* Frameworks */ = {
			isa = PBXGroup;
			children = (
				13A9B7B428BECBE800D4CC7B /* AVKit.framework */,
			);
			name = Frameworks;
			sourceTree = "<group>";
		};
		13D4F51328BE984B005430A7 = {
			isa = PBXGroup;
			children = (
				13D4F51E28BE984B005430A7 /* LearningApp */,
				13D4F51D28BE984B005430A7 /* Products */,
				13A9B7B328BECBE800D4CC7B /* Frameworks */,
			);
			sourceTree = "<group>";
		};
		13D4F51D28BE984B005430A7 /* Products */ = {
			isa = PBXGroup;
			children = (
				13D4F51C28BE984B005430A7 /* LearningApp.app */,
			);
			name = Products;
			sourceTree = "<group>";
		};
		13D4F51E28BE984B005430A7 /* LearningApp */ = {
			isa = PBXGroup;
			children = (
				13D4F51F28BE984B005430A7 /* LearningApp.swift */,
				13D4F52D28BE98B8005430A7 /* Views */,
				13D4F52E28BE98BF005430A7 /* ViewModels */,
				13D4F52F28BE98C5005430A7 /* Models */,
				13D4F53028BE98C9005430A7 /* Ressources */,
				13D4F53128BE98CF005430A7 /* Helpers */,
				13D4F52328BE984D005430A7 /* Assets.xcassets */,
				13D4F52528BE984D005430A7 /* Preview Content */,
			);
			path = LearningApp;
			sourceTree = "<group>";
		};
		13D4F52528BE984D005430A7 /* Preview Content */ = {
			isa = PBXGroup;
			children = (
				13D4F52628BE984D005430A7 /* Preview Assets.xcassets */,
			);
			path = "Preview Content";
			sourceTree = "<group>";
		};
		13D4F52D28BE98B8005430A7 /* Views */ = {
			isa = PBXGroup;
			children = (
				13D4F52128BE984B005430A7 /* HomeView.swift */,
				13C870C328BEB43A00E955C4 /* HomeViewRow.swift */,
				13A9B7AD28BEBC2E00D4CC7B /* ContentView.swift */,
				13A9B7AF28BEC5DC00D4CC7B /* ContentViewRow.swift */,
				13A9B7B128BEC9BC00D4CC7B /* ContentDetailView.swift */,
				1346D39328BF7FA00090584C /* CodeTextView.swift */,
				13CBA4A028C105E100F69131 /* RectangleCard.swift */,
			);
			path = Views;
			sourceTree = "<group>";
		};
		13D4F52E28BE98BF005430A7 /* ViewModels */ = {
			isa = PBXGroup;
			children = (
				13D4F53228BE9909005430A7 /* ContentModel.swift */,
			);
			path = ViewModels;
			sourceTree = "<group>";
		};
		13D4F52F28BE98C5005430A7 /* Models */ = {
			isa = PBXGroup;
			children = (
				13D4F53828BE9C9E005430A7 /* Models.swift */,
			);
			path = Models;
			sourceTree = "<group>";
		};
		13D4F53028BE98C9005430A7 /* Ressources */ = {
			isa = PBXGroup;
			children = (
				13D4F53628BE9ABB005430A7 /* style.html */,
				13D4F53428BE9AB5005430A7 /* data.json */,
				13A9B7B628BECCF400D4CC7B /* Constants.swift */,
			);
			path = Ressources;
			sourceTree = "<group>";
		};
		13D4F53128BE98CF005430A7 /* Helpers */ = {
			isa = PBXGroup;
			children = (
			);
			path = Helpers;
			sourceTree = "<group>";
		};
/* End PBXGroup section */

/* Begin PBXNativeTarget section */
		13D4F51B28BE984B005430A7 /* LearningApp */ = {
			isa = PBXNativeTarget;
			buildConfigurationList = 13D4F52A28BE984D005430A7 /* Build configuration list for PBXNativeTarget "LearningApp" */;
			buildPhases = (
				13D4F51828BE984B005430A7 /* Sources */,
				13D4F51928BE984B005430A7 /* Frameworks */,
				13D4F51A28BE984B005430A7 /* Resources */,
			);
			buildRules = (
			);
			dependencies = (
			);
			name = LearningApp;
			productName = LearningApp;
			productReference = 13D4F51C28BE984B005430A7 /* LearningApp.app */;
			productType = "com.apple.product-type.application";
		};
/* End PBXNativeTarget section */

/* Begin PBXProject section */
		13D4F51428BE984B005430A7 /* Project object */ = {
			isa = PBXProject;
			attributes = {
				BuildIndependentTargetsInParallel = 1;
				LastSwiftUpdateCheck = 1340;
				LastUpgradeCheck = 1340;
				TargetAttributes = {
					13D4F51B28BE984B005430A7 = {
						CreatedOnToolsVersion = 13.4.1;
					};
				};
			};
			buildConfigurationList = 13D4F51728BE984B005430A7 /* Build configuration list for PBXProject "LearningApp" */;
			compatibilityVersion = "Xcode 13.0";
			developmentRegion = en;
			hasScannedForEncodings = 0;
			knownRegions = (
				en,
				Base,
			);
			mainGroup = 13D4F51328BE984B005430A7;
			productRefGroup = 13D4F51D28BE984B005430A7 /* Products */;
			projectDirPath = "";
			projectRoot = "";
			targets = (
				13D4F51B28BE984B005430A7 /* LearningApp */,
			);
		};
/* End PBXProject section */

/* Begin PBXResourcesBuildPhase section */
		13D4F51A28BE984B005430A7 /* Resources */ = {
			isa = PBXResourcesBuildPhase;
			buildActionMask = 2147483647;
			files = (
				13D4F52728BE984D005430A7 /* Preview Assets.xcassets in Resources */,
				13D4F53528BE9AB5005430A7 /* data.json in Resources */,
				13D4F53728BE9ABB005430A7 /* style.html in Resources */,
				13D4F52428BE984D005430A7 /* Assets.xcassets in Resources */,
			);
			runOnlyForDeploymentPostprocessing = 0;
		};
/* End PBXResourcesBuildPhase section */

/* Begin PBXSourcesBuildPhase section */
		13D4F51828BE984B005430A7 /* Sources */ = {
			isa = PBXSourcesBuildPhase;
			buildActionMask = 2147483647;
			files = (
				13D4F52228BE984B005430A7 /* HomeView.swift in Sources */,
				13C870C428BEB43A00E955C4 /* HomeViewRow.swift in Sources */,
				13A9B7AE28BEBC2E00D4CC7B /* ContentView.swift in Sources */,
				13A9B7B228BEC9BC00D4CC7B /* ContentDetailView.swift in Sources */,
				13D4F52028BE984B005430A7 /* LearningApp.swift in Sources */,
				13A9B7B028BEC5DC00D4CC7B /* ContentViewRow.swift in Sources */,
				1346D39428BF7FA10090584C /* CodeTextView.swift in Sources */,
				13D4F53328BE9909005430A7 /* ContentModel.swift in Sources */,
				13D4F53928BE9C9E005430A7 /* Models.swift in Sources */,
				13CBA4A128C105E100F69131 /* RectangleCard.swift in Sources */,
				13A9B7B728BECCF400D4CC7B /* Constants.swift in Sources */,
			);
			runOnlyForDeploymentPostprocessing = 0;
		};
/* End PBXSourcesBuildPhase section */

/* Begin XCBuildConfiguration section */
		13D4F52828BE984D005430A7 /* Debug */ = {
			isa = XCBuildConfiguration;
			buildSettings = {
				ALWAYS_SEARCH_USER_PATHS = NO;
				CLANG_ANALYZER_NONNULL = YES;
				CLANG_ANALYZER_NUMBER_OBJECT_CONVERSION = YES_AGGRESSIVE;
				CLANG_CXX_LANGUAGE_STANDARD = "gnu++17";
				CLANG_ENABLE_MODULES = YES;
				CLANG_ENABLE_OBJC_ARC = YES;
				CLANG_ENABLE_OBJC_WEAK = YES;
				CLANG_WARN_BLOCK_CAPTURE_AUTORELEASING = YES;
				CLANG_WARN_BOOL_CONVERSION = YES;
				CLANG_WARN_COMMA = YES;
				CLANG_WARN_CONSTANT_CONVERSION = YES;
				CLANG_WARN_DEPRECATED_OBJC_IMPLEMENTATIONS = YES;
				CLANG_WARN_DIRECT_OBJC_ISA_USAGE = YES_ERROR;
				CLANG_WARN_DOCUMENTATION_COMMENTS = YES;
				CLANG_WARN_EMPTY_BODY = YES;
				CLANG_WARN_ENUM_CONVERSION = YES;
				CLANG_WARN_INFINITE_RECURSION = YES;
				CLANG_WARN_INT_CONVERSION = YES;
				CLANG_WARN_NON_LITERAL_NULL_CONVERSION = YES;
				CLANG_WARN_OBJC_IMPLICIT_RETAIN_SELF = YES;
				CLANG_WARN_OBJC_LITERAL_CONVERSION = YES;
				CLANG_WARN_OBJC_ROOT_CLASS = YES_ERROR;
				CLANG_WARN_QUOTED_INCLUDE_IN_FRAMEWORK_HEADER = YES;
				CLANG_WARN_RANGE_LOOP_ANALYSIS = YES;
				CLANG_WARN_STRICT_PROTOTYPES = YES;
				CLANG_WARN_SUSPICIOUS_MOVE = YES;
				CLANG_WARN_UNGUARDED_AVAILABILITY = YES_AGGRESSIVE;
				CLANG_WARN_UNREACHABLE_CODE = YES;
				CLANG_WARN__DUPLICATE_METHOD_MATCH = YES;
				COPY_PHASE_STRIP = NO;
				DEBUG_INFORMATION_FORMAT = dwarf;
				ENABLE_STRICT_OBJC_MSGSEND = YES;
				ENABLE_TESTABILITY = YES;
				GCC_C_LANGUAGE_STANDARD = gnu11;
				GCC_DYNAMIC_NO_PIC = NO;
				GCC_NO_COMMON_BLOCKS = YES;
				GCC_OPTIMIZATION_LEVEL = 0;
				GCC_PREPROCESSOR_DEFINITIONS = (
					"DEBUG=1",
					"$(inherited)",
				);
				GCC_WARN_64_TO_32_BIT_CONVERSION = YES;
				GCC_WARN_ABOUT_RETURN_TYPE = YES_ERROR;
				GCC_WARN_UNDECLARED_SELECTOR = YES;
				GCC_WARN_UNINITIALIZED_AUTOS = YES_AGGRESSIVE;
				GCC_WARN_UNUSED_FUNCTION = YES;
				GCC_WARN_UNUSED_VARIABLE = YES;
				IPHONEOS_DEPLOYMENT_TARGET = 15.5;
				MTL_ENABLE_DEBUG_INFO = INCLUDE_SOURCE;
				MTL_FAST_MATH = YES;
				ONLY_ACTIVE_ARCH = YES;
				SDKROOT = iphoneos;
				SWIFT_ACTIVE_COMPILATION_CONDITIONS = DEBUG;
				SWIFT_OPTIMIZATION_LEVEL = "-Onone";
			};
			name = Debug;
		};
		13D4F52928BE984D005430A7 /* Release */ = {
			isa = XCBuildConfiguration;
			buildSettings = {
				ALWAYS_SEARCH_USER_PATHS = NO;
				CLANG_ANALYZER_NONNULL = YES;
				CLANG_ANALYZER_NUMBER_OBJECT_CONVERSION = YES_AGGRESSIVE;
				CLANG_CXX_LANGUAGE_STANDARD = "gnu++17";
				CLANG_ENABLE_MODULES = YES;
				CLANG_ENABLE_OBJC_ARC = YES;
				CLANG_ENABLE_OBJC_WEAK = YES;
				CLANG_WARN_BLOCK_CAPTURE_AUTORELEASING = YES;
				CLANG_WARN_BOOL_CONVERSION = YES;
				CLANG_WARN_COMMA = YES;
				CLANG_WARN_CONSTANT_CONVERSION = YES;
				CLANG_WARN_DEPRECATED_OBJC_IMPLEMENTATIONS = YES;
				CLANG_WARN_DIRECT_OBJC_ISA_USAGE = YES_ERROR;
				CLANG_WARN_DOCUMENTATION_COMMENTS = YES;
				CLANG_WARN_EMPTY_BODY = YES;
				CLANG_WARN_ENUM_CONVERSION = YES;
				CLANG_WARN_INFINITE_RECURSION = YES;
				CLANG_WARN_INT_CONVERSION = YES;
				CLANG_WARN_NON_LITERAL_NULL_CONVERSION = YES;
				CLANG_WARN_OBJC_IMPLICIT_RETAIN_SELF = YES;
				CLANG_WARN_OBJC_LITERAL_CONVERSION = YES;
				CLANG_WARN_OBJC_ROOT_CLASS = YES_ERROR;
				CLANG_WARN_QUOTED_INCLUDE_IN_FRAMEWORK_HEADER = YES;
				CLANG_WARN_RANGE_LOOP_ANALYSIS = YES;
				CLANG_WARN_STRICT_PROTOTYPES = YES;
				CLANG_WARN_SUSPICIOUS_MOVE = YES;
				CLANG_WARN_UNGUARDED_AVAILABILITY = YES_AGGRESSIVE;
				CLANG_WARN_UNREACHABLE_CODE = YES;
				CLANG_WARN__DUPLICATE_METHOD_MATCH = YES;
				COPY_PHASE_STRIP = NO;
				DEBUG_INFORMATION_FORMAT = "dwarf-with-dsym";
				ENABLE_NS_ASSERTIONS = NO;
				ENABLE_STRICT_OBJC_MSGSEND = YES;
				GCC_C_LANGUAGE_STANDARD = gnu11;
				GCC_NO_COMMON_BLOCKS = YES;
				GCC_WARN_64_TO_32_BIT_CONVERSION = YES;
				GCC_WARN_ABOUT_RETURN_TYPE = YES_ERROR;
				GCC_WARN_UNDECLARED_SELECTOR = YES;
				GCC_WARN_UNINITIALIZED_AUTOS = YES_AGGRESSIVE;
				GCC_WARN_UNUSED_FUNCTION = YES;
				GCC_WARN_UNUSED_VARIABLE = YES;
				IPHONEOS_DEPLOYMENT_TARGET = 15.5;
				MTL_ENABLE_DEBUG_INFO = NO;
				MTL_FAST_MATH = YES;
				SDKROOT = iphoneos;
				SWIFT_COMPILATION_MODE = wholemodule;
				SWIFT_OPTIMIZATION_LEVEL = "-O";
				VALIDATE_PRODUCT = YES;
			};
			name = Release;
		};
		13D4F52B28BE984D005430A7 /* Debug */ = {
			isa = XCBuildConfiguration;
			buildSettings = {
				ASSETCATALOG_COMPILER_APPICON_NAME = AppIcon;
				ASSETCATALOG_COMPILER_GLOBAL_ACCENT_COLOR_NAME = AccentColor;
				CODE_SIGN_STYLE = Automatic;
				CURRENT_PROJECT_VERSION = 1;
				DEVELOPMENT_ASSET_PATHS = "\"LearningApp/Preview Content\"";
				DEVELOPMENT_TEAM = T84CQ587G3;
				ENABLE_PREVIEWS = YES;
				GENERATE_INFOPLIST_FILE = YES;
				INFOPLIST_KEY_UIApplicationSceneManifest_Generation = YES;
				INFOPLIST_KEY_UIApplicationSupportsIndirectInputEvents = YES;
				INFOPLIST_KEY_UILaunchScreen_Generation = YES;
				INFOPLIST_KEY_UISupportedInterfaceOrientations_iPad = "UIInterfaceOrientationPortrait UIInterfaceOrientationPortraitUpsideDown UIInterfaceOrientationLandscapeLeft UIInterfaceOrientationLandscapeRight";
				INFOPLIST_KEY_UISupportedInterfaceOrientations_iPhone = "UIInterfaceOrientationPortrait UIInterfaceOrientationLandscapeLeft UIInterfaceOrientationLandscapeRight";
				LD_RUNPATH_SEARCH_PATHS = (
					"$(inherited)",
					"@executable_path/Frameworks",
				);
				MARKETING_VERSION = 1.0;
				PRODUCT_BUNDLE_IDENTIFIER = com.OliwierWoznicki.LearningApp;
				PRODUCT_NAME = "$(TARGET_NAME)";
				SWIFT_EMIT_LOC_STRINGS = YES;
				SWIFT_VERSION = 5.0;
				TARGETED_DEVICE_FAMILY = "1,2";
			};
			name = Debug;
		};
		13D4F52C28BE984D005430A7 /* Release */ = {
			isa = XCBuildConfiguration;
			buildSettings = {
				ASSETCATALOG_COMPILER_APPICON_NAME = AppIcon;
				ASSETCATALOG_COMPILER_GLOBAL_ACCENT_COLOR_NAME = AccentColor;
				CODE_SIGN_STYLE = Automatic;
				CURRENT_PROJECT_VERSION = 1;
				DEVELOPMENT_ASSET_PATHS = "\"LearningApp/Preview Content\"";
				DEVELOPMENT_TEAM = T84CQ587G3;
				ENABLE_PREVIEWS = YES;
				GENERATE_INFOPLIST_FILE = YES;
				INFOPLIST_KEY_UIApplicationSceneManifest_Generation = YES;
				INFOPLIST_KEY_UIApplicationSupportsIndirectInputEvents = YES;
				INFOPLIST_KEY_UILaunchScreen_Generation = YES;
				INFOPLIST_KEY_UISupportedInterfaceOrientations_iPad = "UIInterfaceOrientationPortrait UIInterfaceOrientationPortraitUpsideDown UIInterfaceOrientationLandscapeLeft UIInterfaceOrientationLandscapeRight";
				INFOPLIST_KEY_UISupportedInterfaceOrientations_iPhone = "UIInterfaceOrientationPortrait UIInterfaceOrientationLandscapeLeft UIInterfaceOrientationLandscapeRight";
				LD_RUNPATH_SEARCH_PATHS = (
					"$(inherited)",
					"@executable_path/Frameworks",
				);
				MARKETING_VERSION = 1.0;
				PRODUCT_BUNDLE_IDENTIFIER = com.OliwierWoznicki.LearningApp;
				PRODUCT_NAME = "$(TARGET_NAME)";
				SWIFT_EMIT_LOC_STRINGS = YES;
				SWIFT_VERSION = 5.0;
				TARGETED_DEVICE_FAMILY = "1,2";
			};
			name = Release;
		};
/* End XCBuildConfiguration section */

/* Begin XCConfigurationList section */
		13D4F51728BE984B005430A7 /* Build configuration list for PBXProject "LearningApp" */ = {
			isa = XCConfigurationList;
			buildConfigurations = (
				13D4F52828BE984D005430A7 /* Debug */,
				13D4F52928BE984D005430A7 /* Release */,
			);
			defaultConfigurationIsVisible = 0;
			defaultConfigurationName = Release;
		};
		13D4F52A28BE984D005430A7 /* Build configuration list for PBXNativeTarget "LearningApp" */ = {
			isa = XCConfigurationList;
			buildConfigurations = (
				13D4F52B28BE984D005430A7 /* Debug */,
				13D4F52C28BE984D005430A7 /* Release */,
			);
			defaultConfigurationIsVisible = 0;
			defaultConfigurationName = Release;
		};
/* End XCConfigurationList section */
	};
	rootObject = 13D4F51428BE984B005430A7 /* Project object */;
}
